
Microsoft Visual Studio Solution File, Format Version 12.00
# Visual Studio Version 17
VisualStudioVersion = 17.7.33927.210
MinimumVisualStudioVersion = 10.0.40219.1
Project("{FAE04EC0-301F-11D3-BF4B-00C04F79EFBC}") = "TodoApp", "TodoApp.csproj", "{7C27AED1-2B79-49F7-B08D-CFE54E03397B}"
EndProject
Global
	GlobalSection(SolutionConfigurationPlatforms) = preSolution
		Debug|Any CPU = Debug|Any CPU
		Release|Any CPU = Release|Any CPU
	EndGlobalSection
	GlobalSection(ProjectConfigurationPlatforms) = postSolution
		{7C27AED1-2B79-49F7-B08D-CFE54E03397B}.Debug|Any CPU.ActiveCfg = Debug|Any CPU
		{7C27AED1-2B79-49F7-B08D-CFE54E03397B}.Debug|Any CPU.Build.0 = Debug|Any CPU
		{7C27AED1-2B79-49F7-B08D-CFE54E03397B}.Release|Any CPU.ActiveCfg = Release|Any CPU
		{7C27AED1-2B79-49F7-B08D-CFE54E03397B}.Release|Any CPU.Build.0 = Release|Any CPU
	EndGlobalSection
	GlobalSection(SolutionProperties) = preSolution
		HideSolutionNode = FALSE
	EndGlobalSection
	GlobalSection(ExtensibilityGlobals) = postSolution
		SolutionGuid = {97AC0D2D-D4CA-4AF1-98FE-E5B845AB906A}
	EndGlobalSection
EndGlobal
